
Microsoft Visual Studio Solution File, Format Version 12.00
# Visual Studio Version 17
VisualStudioVersion = 17.7.34221.43
MinimumVisualStudioVersion = 10.0.40219.1
Project("{FAE04EC0-301F-11D3-BF4B-00C04F79EFBC}") = "QuadraticEquation", "QuadraticEquation\QuadraticEquation.csproj", "{7071E6E3-6878-452E-812F-4359021BC0A0}"
EndProject
Global
	GlobalSection(SolutionConfigurationPlatforms) = preSolution
		Debug|Any CPU = Debug|Any CPU
		Release|Any CPU = Release|Any CPU
	EndGlobalSection
	GlobalSection(ProjectConfigurationPlatforms) = postSolution
		{7071E6E3-6878-452E-812F-4359021BC0A0}.Debug|Any CPU.ActiveCfg = Debug|Any CPU
		{7071E6E3-6878-452E-812F-4359021BC0A0}.Debug|Any CPU.Build.0 = Debug|Any CPU
		{7071E6E3-6878-452E-812F-4359021BC0A0}.Release|Any CPU.ActiveCfg = Release|Any CPU
		{7071E6E3-6878-452E-812F-4359021BC0A0}.Release|Any CPU.Build.0 = Release|Any CPU
	EndGlobalSection
	GlobalSection(SolutionProperties) = preSolution
		HideSolutionNode = FALSE
	EndGlobalSection
	GlobalSection(ExtensibilityGlobals) = postSolution
		SolutionGuid = {30100A79-E6C9-4EE4-8F09-9C3B50D56534}
	EndGlobalSection
EndGlobal
